// !$*UTF8*$!
{
	archiveVersion = 1;
	classes = {
	};
	objectVersion = 46;
	objects = {

/* Begin PBXBuildFile section */
		633FDA7F18F4368900C8BEC4 /* curvy.svg in Resources */ = {isa = PBXBuildFile; fileRef = 633FDA7E18F4368900C8BEC4 /* curvy.svg */; };
		638E660718F39529007A2EAA /* JAMSVGGradientParts.m in Sources */ = {isa = PBXBuildFile; fileRef = 638E660618F39529007A2EAA /* JAMSVGGradientParts.m */; };
		63A36B3418EF512F00AE444E /* JAMStyledBezierPath.m in Sources */ = {isa = PBXBuildFile; fileRef = 63A36B2D18EF512F00AE444E /* JAMStyledBezierPath.m */; };
		63A36B3518EF512F00AE444E /* JAMStyledBezierPathFactory.m in Sources */ = {isa = PBXBuildFile; fileRef = 63A36B2F18EF512F00AE444E /* JAMStyledBezierPathFactory.m */; };
		63A36B3618EF512F00AE444E /* JAMSVGImage.m in Sources */ = {isa = PBXBuildFile; fileRef = 63A36B3118EF512F00AE444E /* JAMSVGImage.m */; };
		63A36B3718EF512F00AE444E /* JAMSVGParser.m in Sources */ = {isa = PBXBuildFile; fileRef = 63A36B3318EF512F00AE444E /* JAMSVGParser.m */; };
		63A36B3A18EF67A300AE444E /* JAMSVGImageView.m in Sources */ = {isa = PBXBuildFile; fileRef = 63A36B3918EF67A300AE444E /* JAMSVGImageView.m */; };
		63A36B4118EF8F8800AE444E /* tiger.svg in Resources */ = {isa = PBXBuildFile; fileRef = 63A36B4018EF8F8800AE444E /* tiger.svg */; };
		63D2067718EF501F00FAC851 /* Foundation.framework in Frameworks */ = {isa = PBXBuildFile; fileRef = 63D2067618EF501F00FAC851 /* Foundation.framework */; };
		63D2067918EF501F00FAC851 /* CoreGraphics.framework in Frameworks */ = {isa = PBXBuildFile; fileRef = 63D2067818EF501F00FAC851 /* CoreGraphics.framework */; };
		63D2067B18EF501F00FAC851 /* UIKit.framework in Frameworks */ = {isa = PBXBuildFile; fileRef = 63D2067A18EF501F00FAC851 /* UIKit.framework */; };
		63D2068118EF501F00FAC851 /* InfoPlist.strings in Resources */ = {isa = PBXBuildFile; fileRef = 63D2067F18EF501F00FAC851 /* InfoPlist.strings */; };
		63D2068318EF501F00FAC851 /* main.m in Sources */ = {isa = PBXBuildFile; fileRef = 63D2068218EF501F00FAC851 /* main.m */; };
		63D2068718EF501F00FAC851 /* JAMAppDelegate.m in Sources */ = {isa = PBXBuildFile; fileRef = 63D2068618EF501F00FAC851 /* JAMAppDelegate.m */; };
		63D2069018EF501F00FAC851 /* JAMViewController.m in Sources */ = {isa = PBXBuildFile; fileRef = 63D2068F18EF501F00FAC851 /* JAMViewController.m */; };
		63D2069218EF501F00FAC851 /* Images.xcassets in Resources */ = {isa = PBXBuildFile; fileRef = 63D2069118EF501F00FAC851 /* Images.xcassets */; };
/* End PBXBuildFile section */

/* Begin PBXFileReference section */
		633FDA7E18F4368900C8BEC4 /* curvy.svg */ = {isa = PBXFileReference; fileEncoding = 4; lastKnownFileType = text.xml; path = curvy.svg; sourceTree = "<group>"; };
		638E660518F39529007A2EAA /* JAMSVGGradientParts.h */ = {isa = PBXFileReference; fileEncoding = 4; lastKnownFileType = sourcecode.c.h; path = JAMSVGGradientParts.h; sourceTree = "<group>"; };
		638E660618F39529007A2EAA /* JAMSVGGradientParts.m */ = {isa = PBXFileReference; fileEncoding = 4; lastKnownFileType = sourcecode.c.objc; path = JAMSVGGradientParts.m; sourceTree = "<group>"; };
		63A36B2C18EF512F00AE444E /* JAMStyledBezierPath.h */ = {isa = PBXFileReference; fileEncoding = 4; lastKnownFileType = sourcecode.c.h; path = JAMStyledBezierPath.h; sourceTree = "<group>"; };
		63A36B2D18EF512F00AE444E /* JAMStyledBezierPath.m */ = {isa = PBXFileReference; fileEncoding = 4; lastKnownFileType = sourcecode.c.objc; path = JAMStyledBezierPath.m; sourceTree = "<group>"; };
		63A36B2E18EF512F00AE444E /* JAMStyledBezierPathFactory.h */ = {isa = PBXFileReference; fileEncoding = 4; lastKnownFileType = sourcecode.c.h; path = JAMStyledBezierPathFactory.h; sourceTree = "<group>"; };
		63A36B2F18EF512F00AE444E /* JAMStyledBezierPathFactory.m */ = {isa = PBXFileReference; fileEncoding = 4; lastKnownFileType = sourcecode.c.objc; path = JAMStyledBezierPathFactory.m; sourceTree = "<group>"; };
		63A36B3018EF512F00AE444E /* JAMSVGImage.h */ = {isa = PBXFileReference; fileEncoding = 4; lastKnownFileType = sourcecode.c.h; path = JAMSVGImage.h; sourceTree = "<group>"; };
		63A36B3118EF512F00AE444E /* JAMSVGImage.m */ = {isa = PBXFileReference; fileEncoding = 4; lastKnownFileType = sourcecode.c.objc; path = JAMSVGImage.m; sourceTree = "<group>"; };
		63A36B3218EF512F00AE444E /* JAMSVGParser.h */ = {isa = PBXFileReference; fileEncoding = 4; lastKnownFileType = sourcecode.c.h; path = JAMSVGParser.h; sourceTree = "<group>"; };
		63A36B3318EF512F00AE444E /* JAMSVGParser.m */ = {isa = PBXFileReference; fileEncoding = 4; lastKnownFileType = sourcecode.c.objc; path = JAMSVGParser.m; sourceTree = "<group>"; };
		63A36B3818EF67A300AE444E /* JAMSVGImageView.h */ = {isa = PBXFileReference; fileEncoding = 4; lastKnownFileType = sourcecode.c.h; path = JAMSVGImageView.h; sourceTree = "<group>"; };
		63A36B3918EF67A300AE444E /* JAMSVGImageView.m */ = {isa = PBXFileReference; fileEncoding = 4; lastKnownFileType = sourcecode.c.objc; path = JAMSVGImageView.m; sourceTree = "<group>"; };
		63A36B4018EF8F8800AE444E /* tiger.svg */ = {isa = PBXFileReference; fileEncoding = 4; lastKnownFileType = text.xml; path = tiger.svg; sourceTree = "<group>"; };
		63D2067318EF501F00FAC851 /* JAMSVGImage.app */ = {isa = PBXFileReference; explicitFileType = wrapper.application; includeInIndex = 0; path = JAMSVGImage.app; sourceTree = BUILT_PRODUCTS_DIR; };
		63D2067618EF501F00FAC851 /* Foundation.framework */ = {isa = PBXFileReference; lastKnownFileType = wrapper.framework; name = Foundation.framework; path = System/Library/Frameworks/Foundation.framework; sourceTree = SDKROOT; };
		63D2067818EF501F00FAC851 /* CoreGraphics.framework */ = {isa = PBXFileReference; lastKnownFileType = wrapper.framework; name = CoreGraphics.framework; path = System/Library/Frameworks/CoreGraphics.framework; sourceTree = SDKROOT; };
		63D2067A18EF501F00FAC851 /* UIKit.framework */ = {isa = PBXFileReference; lastKnownFileType = wrapper.framework; name = UIKit.framework; path = System/Library/Frameworks/UIKit.framework; sourceTree = SDKROOT; };
		63D2067E18EF501F00FAC851 /* JAMSVGImage-Info.plist */ = {isa = PBXFileReference; lastKnownFileType = text.plist.xml; path = "JAMSVGImage-Info.plist"; sourceTree = "<group>"; };
		63D2068018EF501F00FAC851 /* en */ = {isa = PBXFileReference; lastKnownFileType = text.plist.strings; name = en; path = en.lproj/InfoPlist.strings; sourceTree = "<group>"; };
		63D2068218EF501F00FAC851 /* main.m */ = {isa = PBXFileReference; lastKnownFileType = sourcecode.c.objc; path = main.m; sourceTree = "<group>"; };
		63D2068418EF501F00FAC851 /* JAMSVGImage-Prefix.pch */ = {isa = PBXFileReference; lastKnownFileType = sourcecode.c.h; path = "JAMSVGImage-Prefix.pch"; sourceTree = "<group>"; };
		63D2068518EF501F00FAC851 /* JAMAppDelegate.h */ = {isa = PBXFileReference; lastKnownFileType = sourcecode.c.h; path = JAMAppDelegate.h; sourceTree = "<group>"; };
		63D2068618EF501F00FAC851 /* JAMAppDelegate.m */ = {isa = PBXFileReference; lastKnownFileType = sourcecode.c.objc; path = JAMAppDelegate.m; sourceTree = "<group>"; };
		63D2068E18EF501F00FAC851 /* JAMViewController.h */ = {isa = PBXFileReference; lastKnownFileType = sourcecode.c.h; path = JAMViewController.h; sourceTree = "<group>"; };
		63D2068F18EF501F00FAC851 /* JAMViewController.m */ = {isa = PBXFileReference; lastKnownFileType = sourcecode.c.objc; path = JAMViewController.m; sourceTree = "<group>"; };
		63D2069118EF501F00FAC851 /* Images.xcassets */ = {isa = PBXFileReference; lastKnownFileType = folder.assetcatalog; path = Images.xcassets; sourceTree = "<group>"; };
/* End PBXFileReference section */

/* Begin PBXFrameworksBuildPhase section */
		63D2067018EF501F00FAC851 /* Frameworks */ = {
			isa = PBXFrameworksBuildPhase;
			buildActionMask = 2147483647;
			files = (
				63D2067918EF501F00FAC851 /* CoreGraphics.framework in Frameworks */,
				63D2067B18EF501F00FAC851 /* UIKit.framework in Frameworks */,
				63D2067718EF501F00FAC851 /* Foundation.framework in Frameworks */,
			);
			runOnlyForDeploymentPostprocessing = 0;
		};
/* End PBXFrameworksBuildPhase section */

/* Begin PBXGroup section */
		63A36B2A18EF512F00AE444E /* Classes */ = {
			isa = PBXGroup;
			children = (
				63A36B2B18EF512F00AE444E /* JAMSVGImage */,
			);
			path = Classes;
			sourceTree = "<group>";
		};
		63A36B2B18EF512F00AE444E /* JAMSVGImage */ = {
			isa = PBXGroup;
			children = (
				63A36B3018EF512F00AE444E /* JAMSVGImage.h */,
				63A36B3118EF512F00AE444E /* JAMSVGImage.m */,
				63A36B3818EF67A300AE444E /* JAMSVGImageView.h */,
				63A36B3918EF67A300AE444E /* JAMSVGImageView.m */,
				63A36B3218EF512F00AE444E /* JAMSVGParser.h */,
				63A36B3318EF512F00AE444E /* JAMSVGParser.m */,
				63A36B2C18EF512F00AE444E /* JAMStyledBezierPath.h */,
				63A36B2D18EF512F00AE444E /* JAMStyledBezierPath.m */,
				63A36B2E18EF512F00AE444E /* JAMStyledBezierPathFactory.h */,
				63A36B2F18EF512F00AE444E /* JAMStyledBezierPathFactory.m */,
				638E660518F39529007A2EAA /* JAMSVGGradientParts.h */,
				638E660618F39529007A2EAA /* JAMSVGGradientParts.m */,
			);
			path = JAMSVGImage;
			sourceTree = "<group>";
		};
		63D2066A18EF501F00FAC851 = {
			isa = PBXGroup;
			children = (
				63A36B2A18EF512F00AE444E /* Classes */,
				63D2067C18EF501F00FAC851 /* JAMSVGImage */,
				63D2067518EF501F00FAC851 /* Frameworks */,
				63D2067418EF501F00FAC851 /* Products */,
			);
			sourceTree = "<group>";
		};
		63D2067418EF501F00FAC851 /* Products */ = {
			isa = PBXGroup;
			children = (
				63D2067318EF501F00FAC851 /* JAMSVGImage.app */,
			);
			name = Products;
			sourceTree = "<group>";
		};
		63D2067518EF501F00FAC851 /* Frameworks */ = {
			isa = PBXGroup;
			children = (
				63D2067618EF501F00FAC851 /* Foundation.framework */,
				63D2067818EF501F00FAC851 /* CoreGraphics.framework */,
				63D2067A18EF501F00FAC851 /* UIKit.framework */,
			);
			name = Frameworks;
			sourceTree = "<group>";
		};
		63D2067C18EF501F00FAC851 /* JAMSVGImage */ = {
			isa = PBXGroup;
			children = (
				633FDA7E18F4368900C8BEC4 /* curvy.svg */,
				63A36B4018EF8F8800AE444E /* tiger.svg */,
				63D2068518EF501F00FAC851 /* JAMAppDelegate.h */,
				63D2068618EF501F00FAC851 /* JAMAppDelegate.m */,
				63D2068E18EF501F00FAC851 /* JAMViewController.h */,
				63D2068F18EF501F00FAC851 /* JAMViewController.m */,
				63D2069118EF501F00FAC851 /* Images.xcassets */,
				63D2067D18EF501F00FAC851 /* Supporting Files */,
			);
			path = JAMSVGImage;
			sourceTree = "<group>";
		};
		63D2067D18EF501F00FAC851 /* Supporting Files */ = {
			isa = PBXGroup;
			children = (
				63D2067E18EF501F00FAC851 /* JAMSVGImage-Info.plist */,
				63D2067F18EF501F00FAC851 /* InfoPlist.strings */,
				63D2068218EF501F00FAC851 /* main.m */,
				63D2068418EF501F00FAC851 /* JAMSVGImage-Prefix.pch */,
			);
			name = "Supporting Files";
			sourceTree = "<group>";
		};
/* End PBXGroup section */

/* Begin PBXNativeTarget section */
		63D2067218EF501F00FAC851 /* JAMSVGImage */ = {
			isa = PBXNativeTarget;
			buildConfigurationList = 63D206A818EF501F00FAC851 /* Build configuration list for PBXNativeTarget "JAMSVGImage" */;
			buildPhases = (
				63D2066F18EF501F00FAC851 /* Sources */,
				63D2067018EF501F00FAC851 /* Frameworks */,
				63D2067118EF501F00FAC851 /* Resources */,
			);
			buildRules = (
			);
			dependencies = (
			);
			name = JAMSVGImage;
			productName = JAMSVGImage;
			productReference = 63D2067318EF501F00FAC851 /* JAMSVGImage.app */;
			productType = "com.apple.product-type.application";
		};
/* End PBXNativeTarget section */

/* Begin PBXProject section */
		63D2066B18EF501F00FAC851 /* Project object */ = {
			isa = PBXProject;
			attributes = {
				CLASSPREFIX = JAM;
				LastUpgradeCheck = 0510;
				ORGANIZATIONNAME = "Jeff Menter";
			};
			buildConfigurationList = 63D2066E18EF501F00FAC851 /* Build configuration list for PBXProject "JAMSVGImage" */;
			compatibilityVersion = "Xcode 3.2";
			developmentRegion = English;
			hasScannedForEncodings = 0;
			knownRegions = (
				en,
				Base,
			);
			mainGroup = 63D2066A18EF501F00FAC851;
			productRefGroup = 63D2067418EF501F00FAC851 /* Products */;
			projectDirPath = "";
			projectRoot = "";
			targets = (
				63D2067218EF501F00FAC851 /* JAMSVGImage */,
			);
		};
/* End PBXProject section */

/* Begin PBXResourcesBuildPhase section */
		63D2067118EF501F00FAC851 /* Resources */ = {
			isa = PBXResourcesBuildPhase;
			buildActionMask = 2147483647;
			files = (
				63D2069218EF501F00FAC851 /* Images.xcassets in Resources */,
				63A36B4118EF8F8800AE444E /* tiger.svg in Resources */,
				633FDA7F18F4368900C8BEC4 /* curvy.svg in Resources */,
				63D2068118EF501F00FAC851 /* InfoPlist.strings in Resources */,
			);
			runOnlyForDeploymentPostprocessing = 0;
		};
/* End PBXResourcesBuildPhase section */

/* Begin PBXSourcesBuildPhase section */
		63D2066F18EF501F00FAC851 /* Sources */ = {
			isa = PBXSourcesBuildPhase;
			buildActionMask = 2147483647;
			files = (
				63A36B3518EF512F00AE444E /* JAMStyledBezierPathFactory.m in Sources */,
				63D2068318EF501F00FAC851 /* main.m in Sources */,
				63A36B3A18EF67A300AE444E /* JAMSVGImageView.m in Sources */,
				63A36B3618EF512F00AE444E /* JAMSVGImage.m in Sources */,
				63D2068718EF501F00FAC851 /* JAMAppDelegate.m in Sources */,
				63A36B3418EF512F00AE444E /* JAMStyledBezierPath.m in Sources */,
				63D2069018EF501F00FAC851 /* JAMViewController.m in Sources */,
				638E660718F39529007A2EAA /* JAMSVGGradientParts.m in Sources */,
				63A36B3718EF512F00AE444E /* JAMSVGParser.m in Sources */,
			);
			runOnlyForDeploymentPostprocessing = 0;
		};
/* End PBXSourcesBuildPhase section */

/* Begin PBXVariantGroup section */
		63D2067F18EF501F00FAC851 /* InfoPlist.strings */ = {
			isa = PBXVariantGroup;
			children = (
				63D2068018EF501F00FAC851 /* en */,
			);
			name = InfoPlist.strings;
			sourceTree = "<group>";
		};
/* End PBXVariantGroup section */

/* Begin XCBuildConfiguration section */
		63D206A618EF501F00FAC851 /* Debug */ = {
			isa = XCBuildConfiguration;
			buildSettings = {
				ALWAYS_SEARCH_USER_PATHS = NO;
				CLANG_CXX_LANGUAGE_STANDARD = "gnu++0x";
				CLANG_CXX_LIBRARY = "libc++";
				CLANG_ENABLE_MODULES = YES;
				CLANG_ENABLE_OBJC_ARC = YES;
				CLANG_WARN_BOOL_CONVERSION = YES;
				CLANG_WARN_CONSTANT_CONVERSION = YES;
				CLANG_WARN_DIRECT_OBJC_ISA_USAGE = YES_ERROR;
				CLANG_WARN_EMPTY_BODY = YES;
				CLANG_WARN_ENUM_CONVERSION = YES;
				CLANG_WARN_INT_CONVERSION = YES;
				CLANG_WARN_OBJC_ROOT_CLASS = YES_ERROR;
				CLANG_WARN__DUPLICATE_METHOD_MATCH = YES;
				"CODE_SIGN_IDENTITY[sdk=iphoneos*]" = "iPhone Developer";
				COPY_PHASE_STRIP = NO;
				GCC_C_LANGUAGE_STANDARD = gnu99;
				GCC_DYNAMIC_NO_PIC = NO;
				GCC_OPTIMIZATION_LEVEL = 0;
				GCC_PREPROCESSOR_DEFINITIONS = (
					"DEBUG=1",
					"$(inherited)",
				);
				GCC_SYMBOLS_PRIVATE_EXTERN = NO;
				GCC_WARN_64_TO_32_BIT_CONVERSION = YES;
				GCC_WARN_ABOUT_RETURN_TYPE = YES_ERROR;
				GCC_WARN_UNDECLARED_SELECTOR = YES;
				GCC_WARN_UNINITIALIZED_AUTOS = YES_AGGRESSIVE;
				GCC_WARN_UNUSED_FUNCTION = YES;
				GCC_WARN_UNUSED_VARIABLE = YES;
				IPHONEOS_DEPLOYMENT_TARGET = 7.1;
				ONLY_ACTIVE_ARCH = YES;
				SDKROOT = iphoneos;
				TARGETED_DEVICE_FAMILY = "1,2";
			};
			name = Debug;
		};
		63D206A718EF501F00FAC851 /* Release */ = {
			isa = XCBuildConfiguration;
			buildSettings = {
				ALWAYS_SEARCH_USER_PATHS = NO;
				CLANG_CXX_LANGUAGE_STANDARD = "gnu++0x";
				CLANG_CXX_LIBRARY = "libc++";
				CLANG_ENABLE_MODULES = YES;
				CLANG_ENABLE_OBJC_ARC = YES;
				CLANG_WARN_BOOL_CONVERSION = YES;
				CLANG_WARN_CONSTANT_CONVERSION = YES;
				CLANG_WARN_DIRECT_OBJC_ISA_USAGE = YES_ERROR;
				CLANG_WARN_EMPTY_BODY = YES;
				CLANG_WARN_ENUM_CONVERSION = YES;
				CLANG_WARN_INT_CONVERSION = YES;
				CLANG_WARN_OBJC_ROOT_CLASS = YES_ERROR;
				CLANG_WARN__DUPLICATE_METHOD_MATCH = YES;
				"CODE_SIGN_IDENTITY[sdk=iphoneos*]" = "iPhone Developer";
				COPY_PHASE_STRIP = YES;
				ENABLE_NS_ASSERTIONS = NO;
				GCC_C_LANGUAGE_STANDARD = gnu99;
				GCC_WARN_64_TO_32_BIT_CONVERSION = YES;
				GCC_WARN_ABOUT_RETURN_TYPE = YES_ERROR;
				GCC_WARN_UNDECLARED_SELECTOR = YES;
				GCC_WARN_UNINITIALIZED_AUTOS = YES_AGGRESSIVE;
				GCC_WARN_UNUSED_FUNCTION = YES;
				GCC_WARN_UNUSED_VARIABLE = YES;
				IPHONEOS_DEPLOYMENT_TARGET = 7.1;
				SDKROOT = iphoneos;
				TARGETED_DEVICE_FAMILY = "1,2";
				VALIDATE_PRODUCT = YES;
			};
			name = Release;
		};
		63D206A918EF501F00FAC851 /* Debug */ = {
			isa = XCBuildConfiguration;
			buildSettings = {
				ASSETCATALOG_COMPILER_APPICON_NAME = AppIcon;
				ASSETCATALOG_COMPILER_LAUNCHIMAGE_NAME = LaunchImage;
				GCC_PRECOMPILE_PREFIX_HEADER = YES;
				GCC_PREFIX_HEADER = "JAMSVGImage/JAMSVGImage-Prefix.pch";
				INFOPLIST_FILE = "JAMSVGImage/JAMSVGImage-Info.plist";
				IPHONEOS_DEPLOYMENT_TARGET = 6.0;
				PRODUCT_NAME = "$(TARGET_NAME)";
				WRAPPER_EXTENSION = app;
			};
			name = Debug;
		};
		63D206AA18EF501F00FAC851 /* Release */ = {
			isa = XCBuildConfiguration;
			buildSettings = {
				ASSETCATALOG_COMPILER_APPICON_NAME = AppIcon;
				ASSETCATALOG_COMPILER_LAUNCHIMAGE_NAME = LaunchImage;
				GCC_PRECOMPILE_PREFIX_HEADER = YES;
				GCC_PREFIX_HEADER = "JAMSVGImage/JAMSVGImage-Prefix.pch";
				INFOPLIST_FILE = "JAMSVGImage/JAMSVGImage-Info.plist";
				IPHONEOS_DEPLOYMENT_TARGET = 6.0;
				PRODUCT_NAME = "$(TARGET_NAME)";
				WRAPPER_EXTENSION = app;
			};
			name = Release;
		};
/* End XCBuildConfiguration section */

/* Begin XCConfigurationList section */
		63D2066E18EF501F00FAC851 /* Build configuration list for PBXProject "JAMSVGImage" */ = {
			isa = XCConfigurationList;
			buildConfigurations = (
				63D206A618EF501F00FAC851 /* Debug */,
				63D206A718EF501F00FAC851 /* Release */,
			);
			defaultConfigurationIsVisible = 0;
			defaultConfigurationName = Release;
		};
		63D206A818EF501F00FAC851 /* Build configuration list for PBXNativeTarget "JAMSVGImage" */ = {
			isa = XCConfigurationList;
			buildConfigurations = (
				63D206A918EF501F00FAC851 /* Debug */,
				63D206AA18EF501F00FAC851 /* Release */,
			);
			defaultConfigurationIsVisible = 0;
			defaultConfigurationName = Release;
		};
/* End XCConfigurationList section */
	};
	rootObject = 63D2066B18EF501F00FAC851 /* Project object */;
}
